PODS:
  - Bolts (1.8.4):
    - Bolts/AppLinks (= 1.8.4)
    - Bolts/Tasks (= 1.8.4)
  - Bolts/AppLinks (1.8.4):
    - Bolts/Tasks
  - Bolts/Tasks (1.8.4)
  - CodePush (5.1.1):
    - CodePush/Base64 (= 5.1.1)
    - CodePush/Core (= 5.1.1)
    - CodePush/JWT (= 5.1.1)
    - CodePush/SSZipArchive (= 5.1.1)
    - React
  - CodePush/Base64 (5.1.1):
    - React
  - CodePush/Core (5.1.1):
    - React
  - CodePush/JWT (5.1.1):
    - React
  - CodePush/SSZipArchive (5.1.1):
    - React
  - FBSDKCoreKit (4.24.0):
    - Bolts (~> 1.7)
  - FBSDKLoginKit (4.24.0):
    - FBSDKCoreKit
  - FBSDKShareKit (4.24.0):
    - FBSDKCoreKit
  - React (0.11.0):
    - React/Core (= 0.11.0)
  - react-native-fbsdk/Core (0.3.0):
    - FBSDKCoreKit
    - React
  - react-native-fbsdk/Login (0.3.0):
    - FBSDKLoginKit
    - React
  - react-native-fbsdk/Share (0.3.0):
    - FBSDKShareKit
    - React
  - React/Core (0.11.0)

DEPENDENCIES:
  - CodePush (from `../node_modules/react-native-code-push`)
  - react-native-fbsdk/Core (from `../node_modules/react-native-fbsdk/iOS`)
  - react-native-fbsdk/Login (from `../node_modules/react-native-fbsdk/iOS`)
  - react-native-fbsdk/Share (from `../node_modules/react-native-fbsdk/iOS`)

EXTERNAL SOURCES:
  CodePush:
    :path: ../node_modules/react-native-code-push
  react-native-fbsdk:
    :path: ../node_modules/react-native-fbsdk/iOS

SPEC CHECKSUMS:
  Bolts: 8a7995239dbe724f9cba2248b766d48b7ebdd322
  CodePush: 27e8b575f636af2b505243ab66384c7aeb70ed23
  FBSDKCoreKit: f8c9eb0dd34a9cd277c7b60da4b32226d142502d
  FBSDKLoginKit: 1214c6d5a1c4995b694d8db8a9ba6910c6028acf
  FBSDKShareKit: a2ed9d7781a4eda9ac20d7404305e795b10251ac
  React: ab1a2e21deb34965c38328d5ec40cc7d12c6050a
  react-native-fbsdk: 999c4eec5c84ed4096cc75596a70cf82f8303329

PODFILE CHECKSUM: 96f3a2b40266fbb790cb740cee1010a28cb3c573

COCOAPODS: 1.2.1
